
Microsoft Visual Studio Solution File, Format Version 12.00
# Visual Studio Version 17
VisualStudioVersion = 17.10.35013.160
MinimumVisualStudioVersion = 10.0.40219.1
Project("{FAE04EC0-301F-11D3-BF4B-00C04F79EFBC}") = "AnkiStoryGenerator", "AnkiStoryGenerator\AnkiStoryGenerator.csproj", "{AB31228B-FD7F-4D9C-A046-7A85B2B39C89}"
EndProject
Global
	GlobalSection(SolutionConfigurationPlatforms) = preSolution
		Debug|Any CPU = Debug|Any CPU
		Release|Any CPU = Release|Any CPU
	EndGlobalSection
	GlobalSection(ProjectConfigurationPlatforms) = postSolution
		{AB31228B-FD7F-4D9C-A046-7A85B2B39C89}.Debug|Any CPU.ActiveCfg = Debug|Any CPU
		{AB31228B-FD7F-4D9C-A046-7A85B2B39C89}.Debug|Any CPU.Build.0 = Debug|Any CPU
		{AB31228B-FD7F-4D9C-A046-7A85B2B39C89}.Release|Any CPU.ActiveCfg = Release|Any CPU
		{AB31228B-FD7F-4D9C-A046-7A85B2B39C89}.Release|Any CPU.Build.0 = Release|Any CPU
	EndGlobalSection
	GlobalSection(SolutionProperties) = preSolution
		HideSolutionNode = FALSE
	EndGlobalSection
	GlobalSection(ExtensibilityGlobals) = postSolution
		SolutionGuid = {23CDB8D6-038D-47DA-AA02-88ACFACB8E19}
	EndGlobalSection
EndGlobal
